
Microsoft Visual Studio Solution File, Format Version 12.00
# Visual Studio Version 17
VisualStudioVersion = 17.1.32319.34
MinimumVisualStudioVersion = 10.0.40219.1
Project("{9A19103F-16F7-4668-BE54-9A1E7A4F7556}") = "1-ArithmeticAverage", "1-ArithmeticAverage\1-ArithmeticAverage.csproj", "{12B3A968-9243-46E2-B7EC-15DE5F00E1CE}"
EndProject
Project("{9A19103F-16F7-4668-BE54-9A1E7A4F7556}") = "2-AreaPerimeter", "2-AreaPerimeter\2-AreaPerimeter.csproj", "{B3EC7262-952A-4E75-99E8-349A7DD5B2F2}"
EndProject
Project("{9A19103F-16F7-4668-BE54-9A1E7A4F7556}") = "3-DoubleTripleSquareCubeSqrt", "3-DoubleTripleSquareCubeSqrt\3-DoubleTripleSquareCubeSqrt.csproj", "{12FE06AF-79B7-4FB0-87AE-E89DF4522032}"
EndProject
Project("{9A19103F-16F7-4668-BE54-9A1E7A4F7556}") = "1-ArithmeticAverageTests", "1-ArithmeticAverageTests\1-ArithmeticAverageTests.csproj", "{A32CAA68-6397-4E54-93D6-1545A5241639}"
EndProject
Project("{9A19103F-16F7-4668-BE54-9A1E7A4F7556}") = "4-CalculateValue", "4-CalculateValue\4-CalculateValue.csproj", "{8B843582-E4EE-4C20-9F3A-B8DC0C4DB9FA}"
EndProject
Project("{9A19103F-16F7-4668-BE54-9A1E7A4F7556}") = "5-CircleArea", "5-CircleArea\5-CircleArea.csproj", "{C139D5C7-3E3D-4D6F-9091-6872DA19C32B}"
EndProject
Project("{9A19103F-16F7-4668-BE54-9A1E7A4F7556}") = "2-AreaPerimeterTests", "2-AreaPerimeterTests\2-AreaPerimeterTests.csproj", "{6556F6CF-71F4-4CF9-B8B9-66845162AE62}"
EndProject
Project("{9A19103F-16F7-4668-BE54-9A1E7A4F7556}") = "3-DoubleTripleSquareCubeSqrtTests", "3-DoubleTripleSquareCubeSqrtTests\3-DoubleTripleSquareCubeSqrtTests.csproj", "{3A937C80-EDE9-4FF1-A35B-B1982C33C435}"
EndProject
Project("{9A19103F-16F7-4668-BE54-9A1E7A4F7556}") = "4-CalculateValueTests", "4-CalculateValueTests\4-CalculateValueTests.csproj", "{630B50CD-1122-491E-A67E-0F1991C0C2F1}"
EndProject
Project("{9A19103F-16F7-4668-BE54-9A1E7A4F7556}") = "5-CircleAreaTests", "5-CircleAreaTests\5-CircleAreaTests.csproj", "{FBF306E4-EB92-4D04-B271-22318835B9B3}"
EndProject
Project("{FAE04EC0-301F-11D3-BF4B-00C04F79EFBC}") = "6-RootsOfQuadraticEquation", "6-RootsOfQuadraticEquation\6-RootsOfQuadraticEquation.csproj", "{725CE843-1332-42D5-888D-002AF3714526}"
EndProject
Project("{FAE04EC0-301F-11D3-BF4B-00C04F79EFBC}") = "6-RootsOfQuadraticEquationTests", "6-RootsOfQuadraticEquationTests\6-RootsOfQuadraticEquationTests.csproj", "{D0499FA9-07C0-465A-AFFB-7F01E13223C1}"
EndProject
Global
	GlobalSection(SolutionConfigurationPlatforms) = preSolution
		Debug|Any CPU = Debug|Any CPU
		Release|Any CPU = Release|Any CPU
	EndGlobalSection
	GlobalSection(ProjectConfigurationPlatforms) = postSolution
		{12B3A968-9243-46E2-B7EC-15DE5F00E1CE}.Debug|Any CPU.ActiveCfg = Debug|Any CPU
		{12B3A968-9243-46E2-B7EC-15DE5F00E1CE}.Debug|Any CPU.Build.0 = Debug|Any CPU
		{12B3A968-9243-46E2-B7EC-15DE5F00E1CE}.Release|Any CPU.ActiveCfg = Release|Any CPU
		{12B3A968-9243-46E2-B7EC-15DE5F00E1CE}.Release|Any CPU.Build.0 = Release|Any CPU
		{B3EC7262-952A-4E75-99E8-349A7DD5B2F2}.Debug|Any CPU.ActiveCfg = Debug|Any CPU
		{B3EC7262-952A-4E75-99E8-349A7DD5B2F2}.Debug|Any CPU.Build.0 = Debug|Any CPU
		{B3EC7262-952A-4E75-99E8-349A7DD5B2F2}.Release|Any CPU.ActiveCfg = Release|Any CPU
		{B3EC7262-952A-4E75-99E8-349A7DD5B2F2}.Release|Any CPU.Build.0 = Release|Any CPU
		{12FE06AF-79B7-4FB0-87AE-E89DF4522032}.Debug|Any CPU.ActiveCfg = Debug|Any CPU
		{12FE06AF-79B7-4FB0-87AE-E89DF4522032}.Debug|Any CPU.Build.0 = Debug|Any CPU
		{12FE06AF-79B7-4FB0-87AE-E89DF4522032}.Release|Any CPU.ActiveCfg = Release|Any CPU
		{12FE06AF-79B7-4FB0-87AE-E89DF4522032}.Release|Any CPU.Build.0 = Release|Any CPU
		{A32CAA68-6397-4E54-93D6-1545A5241639}.Debug|Any CPU.ActiveCfg = Debug|Any CPU
		{A32CAA68-6397-4E54-93D6-1545A5241639}.Debug|Any CPU.Build.0 = Debug|Any CPU
		{A32CAA68-6397-4E54-93D6-1545A5241639}.Release|Any CPU.ActiveCfg = Release|Any CPU
		{A32CAA68-6397-4E54-93D6-1545A5241639}.Release|Any CPU.Build.0 = Release|Any CPU
		{8B843582-E4EE-4C20-9F3A-B8DC0C4DB9FA}.Debug|Any CPU.ActiveCfg = Debug|Any CPU
		{8B843582-E4EE-4C20-9F3A-B8DC0C4DB9FA}.Debug|Any CPU.Build.0 = Debug|Any CPU
		{8B843582-E4EE-4C20-9F3A-B8DC0C4DB9FA}.Release|Any CPU.ActiveCfg = Release|Any CPU
		{8B843582-E4EE-4C20-9F3A-B8DC0C4DB9FA}.Release|Any CPU.Build.0 = Release|Any CPU
		{C139D5C7-3E3D-4D6F-9091-6872DA19C32B}.Debug|Any CPU.ActiveCfg = Debug|Any CPU
		{C139D5C7-3E3D-4D6F-9091-6872DA19C32B}.Debug|Any CPU.Build.0 = Debug|Any CPU
		{C139D5C7-3E3D-4D6F-9091-6872DA19C32B}.Release|Any CPU.ActiveCfg = Release|Any CPU
		{C139D5C7-3E3D-4D6F-9091-6872DA19C32B}.Release|Any CPU.Build.0 = Release|Any CPU
		{6556F6CF-71F4-4CF9-B8B9-66845162AE62}.Debug|Any CPU.ActiveCfg = Debug|Any CPU
		{6556F6CF-71F4-4CF9-B8B9-66845162AE62}.Debug|Any CPU.Build.0 = Debug|Any CPU
		{6556F6CF-71F4-4CF9-B8B9-66845162AE62}.Release|Any CPU.ActiveCfg = Release|Any CPU
		{6556F6CF-71F4-4CF9-B8B9-66845162AE62}.Release|Any CPU.Build.0 = Release|Any CPU
		{3A937C80-EDE9-4FF1-A35B-B1982C33C435}.Debug|Any CPU.ActiveCfg = Debug|Any CPU
		{3A937C80-EDE9-4FF1-A35B-B1982C33C435}.Debug|Any CPU.Build.0 = Debug|Any CPU
		{3A937C80-EDE9-4FF1-A35B-B1982C33C435}.Release|Any CPU.ActiveCfg = Release|Any CPU
		{3A937C80-EDE9-4FF1-A35B-B1982C33C435}.Release|Any CPU.Build.0 = Release|Any CPU
		{630B50CD-1122-491E-A67E-0F1991C0C2F1}.Debug|Any CPU.ActiveCfg = Debug|Any CPU
		{630B50CD-1122-491E-A67E-0F1991C0C2F1}.Debug|Any CPU.Build.0 = Debug|Any CPU
		{630B50CD-1122-491E-A67E-0F1991C0C2F1}.Release|Any CPU.ActiveCfg = Release|Any CPU
		{630B50CD-1122-491E-A67E-0F1991C0C2F1}.Release|Any CPU.Build.0 = Release|Any CPU
		{FBF306E4-EB92-4D04-B271-22318835B9B3}.Debug|Any CPU.ActiveCfg = Debug|Any CPU
		{FBF306E4-EB92-4D04-B271-22318835B9B3}.Debug|Any CPU.Build.0 = Debug|Any CPU
		{FBF306E4-EB92-4D04-B271-22318835B9B3}.Release|Any CPU.ActiveCfg = Release|Any CPU
		{FBF306E4-EB92-4D04-B271-22318835B9B3}.Release|Any CPU.Build.0 = Release|Any CPU
		{725CE843-1332-42D5-888D-002AF3714526}.Debug|Any CPU.ActiveCfg = Debug|Any CPU
		{725CE843-1332-42D5-888D-002AF3714526}.Debug|Any CPU.Build.0 = Debug|Any CPU
		{725CE843-1332-42D5-888D-002AF3714526}.Release|Any CPU.ActiveCfg = Release|Any CPU
		{725CE843-1332-42D5-888D-002AF3714526}.Release|Any CPU.Build.0 = Release|Any CPU
		{D0499FA9-07C0-465A-AFFB-7F01E13223C1}.Debug|Any CPU.ActiveCfg = Debug|Any CPU
		{D0499FA9-07C0-465A-AFFB-7F01E13223C1}.Debug|Any CPU.Build.0 = Debug|Any CPU
		{D0499FA9-07C0-465A-AFFB-7F01E13223C1}.Release|Any CPU.ActiveCfg = Release|Any CPU
		{D0499FA9-07C0-465A-AFFB-7F01E13223C1}.Release|Any CPU.Build.0 = Release|Any CPU
	EndGlobalSection
	GlobalSection(SolutionProperties) = preSolution
		HideSolutionNode = FALSE
	EndGlobalSection
	GlobalSection(ExtensibilityGlobals) = postSolution
		SolutionGuid = {48C7C58A-7353-490A-91B3-19D70A3899C4}
	EndGlobalSection
EndGlobal
