
Microsoft Visual Studio Solution File, Format Version 12.00
# Visual Studio Version 17
VisualStudioVersion = 17.1.32319.34
MinimumVisualStudioVersion = 10.0.40219.1
Project("{FAE04EC0-301F-11D3-BF4B-00C04F79EFBC}") = "1-ArithmeticAverage", "1-ArithmeticAverage\1-ArithmeticAverage.csproj", "{12B3A968-9243-46E2-B7EC-15DE5F00E1CE}"
EndProject
Project("{FAE04EC0-301F-11D3-BF4B-00C04F79EFBC}") = "2-AreaPerimeter", "2-AreaPerimeter\2-AreaPerimeter.csproj", "{B3EC7262-952A-4E75-99E8-349A7DD5B2F2}"
EndProject
Project("{FAE04EC0-301F-11D3-BF4B-00C04F79EFBC}") = "3-DoubleTripleSquareCubeSqrt", "3-DoubleTripleSquareCubeSqrt\3-DoubleTripleSquareCubeSqrt.csproj", "{12FE06AF-79B7-4FB0-87AE-E89DF4522032}"
EndProject
Global
	GlobalSection(SolutionConfigurationPlatforms) = preSolution
		Debug|Any CPU = Debug|Any CPU
		Release|Any CPU = Release|Any CPU
	EndGlobalSection
	GlobalSection(ProjectConfigurationPlatforms) = postSolution
		{12B3A968-9243-46E2-B7EC-15DE5F00E1CE}.Debug|Any CPU.ActiveCfg = Debug|Any CPU
		{12B3A968-9243-46E2-B7EC-15DE5F00E1CE}.Debug|Any CPU.Build.0 = Debug|Any CPU
		{12B3A968-9243-46E2-B7EC-15DE5F00E1CE}.Release|Any CPU.ActiveCfg = Release|Any CPU
		{12B3A968-9243-46E2-B7EC-15DE5F00E1CE}.Release|Any CPU.Build.0 = Release|Any CPU
		{B3EC7262-952A-4E75-99E8-349A7DD5B2F2}.Debug|Any CPU.ActiveCfg = Debug|Any CPU
		{B3EC7262-952A-4E75-99E8-349A7DD5B2F2}.Debug|Any CPU.Build.0 = Debug|Any CPU
		{B3EC7262-952A-4E75-99E8-349A7DD5B2F2}.Release|Any CPU.ActiveCfg = Release|Any CPU
		{B3EC7262-952A-4E75-99E8-349A7DD5B2F2}.Release|Any CPU.Build.0 = Release|Any CPU
		{12FE06AF-79B7-4FB0-87AE-E89DF4522032}.Debug|Any CPU.ActiveCfg = Debug|Any CPU
		{12FE06AF-79B7-4FB0-87AE-E89DF4522032}.Debug|Any CPU.Build.0 = Debug|Any CPU
		{12FE06AF-79B7-4FB0-87AE-E89DF4522032}.Release|Any CPU.ActiveCfg = Release|Any CPU
		{12FE06AF-79B7-4FB0-87AE-E89DF4522032}.Release|Any CPU.Build.0 = Release|Any CPU
	EndGlobalSection
	GlobalSection(SolutionProperties) = preSolution
		HideSolutionNode = FALSE
	EndGlobalSection
	GlobalSection(ExtensibilityGlobals) = postSolution
		SolutionGuid = {48C7C58A-7353-490A-91B3-19D70A3899C4}
	EndGlobalSection
EndGlobal
